// !$*UTF8*$!
{
	archiveVersion = 1;
	classes = {
	};
	objectVersion = 56;
	objects = {

/* Begin PBXBuildFile section */
		04149D2A29B5F28600828DE8 /* SoloView.swift in Sources */ = {isa = PBXBuildFile; fileRef = 04149D2929B5F28600828DE8 /* SoloView.swift */; };
		045805672983F81100A7966D /* AppDelegate.swift in Sources */ = {isa = PBXBuildFile; fileRef = 045805662983F81100A7966D /* AppDelegate.swift */; };
		045805692983F81100A7966D /* ContentView.swift in Sources */ = {isa = PBXBuildFile; fileRef = 045805682983F81100A7966D /* ContentView.swift */; };
		0458056D2983F81200A7966D /* Assets.xcassets in Resources */ = {isa = PBXBuildFile; fileRef = 0458056C2983F81200A7966D /* Assets.xcassets */; };
		045805702983F81200A7966D /* Preview Assets.xcassets in Resources */ = {isa = PBXBuildFile; fileRef = 0458056F2983F81200A7966D /* Preview Assets.xcassets */; };
		0458057A2983F81200A7966D /* AR_AppTests.swift in Sources */ = {isa = PBXBuildFile; fileRef = 045805792983F81200A7966D /* AR_AppTests.swift */; };
		045805842983F81200A7966D /* AR_AppUITests.swift in Sources */ = {isa = PBXBuildFile; fileRef = 045805832983F81200A7966D /* AR_AppUITests.swift */; };
		045805862983F81200A7966D /* AR_AppUITestsLaunchTests.swift in Sources */ = {isa = PBXBuildFile; fileRef = 045805852983F81200A7966D /* AR_AppUITestsLaunchTests.swift */; };
		0462612129AE7B8C00AD9935 /* GoogleService-Info.plist in Resources */ = {isa = PBXBuildFile; fileRef = 0462612029AE7B8C00AD9935 /* GoogleService-Info.plist */; };
		0462612429AE7D0800AD9935 /* FirebaseAnalytics in Frameworks */ = {isa = PBXBuildFile; productRef = 0462612329AE7D0800AD9935 /* FirebaseAnalytics */; };
		0462612629AE7D0800AD9935 /* FirebaseAnalyticsSwift in Frameworks */ = {isa = PBXBuildFile; productRef = 0462612529AE7D0800AD9935 /* FirebaseAnalyticsSwift */; };
		0462612829AE7D0800AD9935 /* FirebaseAnalyticsWithoutAdIdSupport in Frameworks */ = {isa = PBXBuildFile; productRef = 0462612729AE7D0800AD9935 /* FirebaseAnalyticsWithoutAdIdSupport */; };
		0462612A29AE7D0800AD9935 /* FirebaseAuth in Frameworks */ = {isa = PBXBuildFile; productRef = 0462612929AE7D0800AD9935 /* FirebaseAuth */; };
		0462612C29AE7D0800AD9935 /* FirebaseDatabase in Frameworks */ = {isa = PBXBuildFile; productRef = 0462612B29AE7D0800AD9935 /* FirebaseDatabase */; };
		0462612E29AE7D0800AD9935 /* FirebaseDatabaseSwift in Frameworks */ = {isa = PBXBuildFile; productRef = 0462612D29AE7D0800AD9935 /* FirebaseDatabaseSwift */; };
		0462613029AE7D0800AD9935 /* FirebaseFirestore in Frameworks */ = {isa = PBXBuildFile; productRef = 0462612F29AE7D0800AD9935 /* FirebaseFirestore */; };
		0462613229AE7D0800AD9935 /* FirebaseFirestoreSwift in Frameworks */ = {isa = PBXBuildFile; productRef = 0462613129AE7D0800AD9935 /* FirebaseFirestoreSwift */; };
		0462613429AE7D0800AD9935 /* FirebaseFunctions in Frameworks */ = {isa = PBXBuildFile; productRef = 0462613329AE7D0800AD9935 /* FirebaseFunctions */; };
		0462613629AE7D0800AD9935 /* FirebaseStorage in Frameworks */ = {isa = PBXBuildFile; productRef = 0462613529AE7D0800AD9935 /* FirebaseStorage */; };
		0462613829AE802900AD9935 /* FirebaseManager.swift in Sources */ = {isa = PBXBuildFile; fileRef = 0462613729AE802900AD9935 /* FirebaseManager.swift */; };
		04684E3E299CEA5200F52EE6 /* ExpandingButton.swift in Sources */ = {isa = PBXBuildFile; fileRef = 04684E3D299CEA5200F52EE6 /* ExpandingButton.swift */; };
		0485F01B299D6E46009AD5CD /* JsonManager.swift in Sources */ = {isa = PBXBuildFile; fileRef = 0485F01A299D6E46009AD5CD /* JsonManager.swift */; };
		048CA0D929AF5C4600AAB944 /* HomeView.swift in Sources */ = {isa = PBXBuildFile; fileRef = 048CA0D829AF5C4600AAB944 /* HomeView.swift */; };
		048CA0F929AF706700AAB944 /* StartButton.swift in Sources */ = {isa = PBXBuildFile; fileRef = 048CA0F829AF706700AAB944 /* StartButton.swift */; };
		048CA0FB29AF783300AAB944 /* Menu.swift in Sources */ = {isa = PBXBuildFile; fileRef = 048CA0FA29AF783300AAB944 /* Menu.swift */; };
		04A2E66D29BA1F0B00149549 /* ARInterfaceButton.swift in Sources */ = {isa = PBXBuildFile; fileRef = 04A2E66C29BA1F0B00149549 /* ARInterfaceButton.swift */; };
		04A2E66F29BA2F6400149549 /* Utilities.swift in Sources */ = {isa = PBXBuildFile; fileRef = 04A2E66E29BA2F6400149549 /* Utilities.swift */; };
		04A2E67129BA2FC100149549 /* DataManager.swift in Sources */ = {isa = PBXBuildFile; fileRef = 04A2E67029BA2FC100149549 /* DataManager.swift */; };
		04E8748B29B20EA500E1CF4F /* MenuViewController.swift in Sources */ = {isa = PBXBuildFile; fileRef = 04E8748A29B20EA500E1CF4F /* MenuViewController.swift */; };
/* End PBXBuildFile section */

/* Begin PBXContainerItemProxy section */
		045805762983F81200A7966D /* PBXContainerItemProxy */ = {
			isa = PBXContainerItemProxy;
			containerPortal = 0458055B2983F81100A7966D /* Project object */;
			proxyType = 1;
			remoteGlobalIDString = 045805622983F81100A7966D;
			remoteInfo = "AR-App";
		};
		045805802983F81200A7966D /* PBXContainerItemProxy */ = {
			isa = PBXContainerItemProxy;
			containerPortal = 0458055B2983F81100A7966D /* Project object */;
			proxyType = 1;
			remoteGlobalIDString = 045805622983F81100A7966D;
			remoteInfo = "AR-App";
		};
/* End PBXContainerItemProxy section */

/* Begin PBXFileReference section */
		04149D2929B5F28600828DE8 /* SoloView.swift */ = {isa = PBXFileReference; lastKnownFileType = sourcecode.swift; path = SoloView.swift; sourceTree = "<group>"; };
		045805632983F81100A7966D /* AR-App.app */ = {isa = PBXFileReference; explicitFileType = wrapper.application; includeInIndex = 0; path = "AR-App.app"; sourceTree = BUILT_PRODUCTS_DIR; };
		045805662983F81100A7966D /* AppDelegate.swift */ = {isa = PBXFileReference; indentWidth = 2; lastKnownFileType = sourcecode.swift; path = AppDelegate.swift; sourceTree = "<group>"; tabWidth = 2; };
		045805682983F81100A7966D /* ContentView.swift */ = {isa = PBXFileReference; lastKnownFileType = sourcecode.swift; path = ContentView.swift; sourceTree = "<group>"; };
		0458056C2983F81200A7966D /* Assets.xcassets */ = {isa = PBXFileReference; lastKnownFileType = folder.assetcatalog; path = Assets.xcassets; sourceTree = "<group>"; };
		0458056F2983F81200A7966D /* Preview Assets.xcassets */ = {isa = PBXFileReference; lastKnownFileType = folder.assetcatalog; path = "Preview Assets.xcassets"; sourceTree = "<group>"; };
		045805752983F81200A7966D /* AR-AppTests.xctest */ = {isa = PBXFileReference; explicitFileType = wrapper.cfbundle; includeInIndex = 0; path = "AR-AppTests.xctest"; sourceTree = BUILT_PRODUCTS_DIR; };
		045805792983F81200A7966D /* AR_AppTests.swift */ = {isa = PBXFileReference; lastKnownFileType = sourcecode.swift; path = AR_AppTests.swift; sourceTree = "<group>"; };
		0458057F2983F81200A7966D /* AR-AppUITests.xctest */ = {isa = PBXFileReference; explicitFileType = wrapper.cfbundle; includeInIndex = 0; path = "AR-AppUITests.xctest"; sourceTree = BUILT_PRODUCTS_DIR; };
		045805832983F81200A7966D /* AR_AppUITests.swift */ = {isa = PBXFileReference; lastKnownFileType = sourcecode.swift; path = AR_AppUITests.swift; sourceTree = "<group>"; };
		045805852983F81200A7966D /* AR_AppUITestsLaunchTests.swift */ = {isa = PBXFileReference; lastKnownFileType = sourcecode.swift; path = AR_AppUITestsLaunchTests.swift; sourceTree = "<group>"; };
		0462612029AE7B8C00AD9935 /* GoogleService-Info.plist */ = {isa = PBXFileReference; fileEncoding = 4; lastKnownFileType = text.plist.xml; name = "GoogleService-Info.plist"; path = "../../../Downloads/GoogleService-Info.plist"; sourceTree = "<group>"; };
		0462613729AE802900AD9935 /* FirebaseManager.swift */ = {isa = PBXFileReference; lastKnownFileType = sourcecode.swift; path = FirebaseManager.swift; sourceTree = "<group>"; };
		04684E3D299CEA5200F52EE6 /* ExpandingButton.swift */ = {isa = PBXFileReference; lastKnownFileType = sourcecode.swift; path = ExpandingButton.swift; sourceTree = "<group>"; };
		0485F01A299D6E46009AD5CD /* JsonManager.swift */ = {isa = PBXFileReference; lastKnownFileType = sourcecode.swift; path = JsonManager.swift; sourceTree = "<group>"; };
		048CA0D829AF5C4600AAB944 /* HomeView.swift */ = {isa = PBXFileReference; lastKnownFileType = sourcecode.swift; path = HomeView.swift; sourceTree = "<group>"; };
		048CA0F829AF706700AAB944 /* StartButton.swift */ = {isa = PBXFileReference; lastKnownFileType = sourcecode.swift; path = StartButton.swift; sourceTree = "<group>"; };
		048CA0FA29AF783300AAB944 /* Menu.swift */ = {isa = PBXFileReference; lastKnownFileType = sourcecode.swift; path = Menu.swift; sourceTree = "<group>"; };
		04A2E66C29BA1F0B00149549 /* ARInterfaceButton.swift */ = {isa = PBXFileReference; lastKnownFileType = sourcecode.swift; path = ARInterfaceButton.swift; sourceTree = "<group>"; };
		04A2E66E29BA2F6400149549 /* Utilities.swift */ = {isa = PBXFileReference; lastKnownFileType = sourcecode.swift; path = Utilities.swift; sourceTree = "<group>"; };
		04A2E67029BA2FC100149549 /* DataManager.swift */ = {isa = PBXFileReference; lastKnownFileType = sourcecode.swift; path = DataManager.swift; sourceTree = "<group>"; };
		04E8748A29B20EA500E1CF4F /* MenuViewController.swift */ = {isa = PBXFileReference; lastKnownFileType = sourcecode.swift; path = MenuViewController.swift; sourceTree = "<group>"; };
/* End PBXFileReference section */

/* Begin PBXFrameworksBuildPhase section */
		045805602983F81100A7966D /* Frameworks */ = {
			isa = PBXFrameworksBuildPhase;
			buildActionMask = 2147483647;
			files = (
				0462612E29AE7D0800AD9935 /* FirebaseDatabaseSwift in Frameworks */,
				0462612C29AE7D0800AD9935 /* FirebaseDatabase in Frameworks */,
				0462612629AE7D0800AD9935 /* FirebaseAnalyticsSwift in Frameworks */,
				0462613629AE7D0800AD9935 /* FirebaseStorage in Frameworks */,
				0462613429AE7D0800AD9935 /* FirebaseFunctions in Frameworks */,
				0462612829AE7D0800AD9935 /* FirebaseAnalyticsWithoutAdIdSupport in Frameworks */,
				0462612429AE7D0800AD9935 /* FirebaseAnalytics in Frameworks */,
				0462612A29AE7D0800AD9935 /* FirebaseAuth in Frameworks */,
				0462613029AE7D0800AD9935 /* FirebaseFirestore in Frameworks */,
				0462613229AE7D0800AD9935 /* FirebaseFirestoreSwift in Frameworks */,
			);
			runOnlyForDeploymentPostprocessing = 0;
		};
		045805722983F81200A7966D /* Frameworks */ = {
			isa = PBXFrameworksBuildPhase;
			buildActionMask = 2147483647;
			files = (
			);
			runOnlyForDeploymentPostprocessing = 0;
		};
		0458057C2983F81200A7966D /* Frameworks */ = {
			isa = PBXFrameworksBuildPhase;
			buildActionMask = 2147483647;
			files = (
			);
			runOnlyForDeploymentPostprocessing = 0;
		};
/* End PBXFrameworksBuildPhase section */

/* Begin PBXGroup section */
		0458055A2983F81100A7966D = {
			isa = PBXGroup;
			children = (
				0462612029AE7B8C00AD9935 /* GoogleService-Info.plist */,
				045805652983F81100A7966D /* AR-App */,
				045805782983F81200A7966D /* AR-AppTests */,
				045805822983F81200A7966D /* AR-AppUITests */,
				045805642983F81100A7966D /* Products */,
			);
			sourceTree = "<group>";
		};
		045805642983F81100A7966D /* Products */ = {
			isa = PBXGroup;
			children = (
				045805632983F81100A7966D /* AR-App.app */,
				045805752983F81200A7966D /* AR-AppTests.xctest */,
				0458057F2983F81200A7966D /* AR-AppUITests.xctest */,
			);
			name = Products;
			sourceTree = "<group>";
		};
		045805652983F81100A7966D /* AR-App */ = {
			isa = PBXGroup;
			children = (
				045805662983F81100A7966D /* AppDelegate.swift */,
				045805682983F81100A7966D /* ContentView.swift */,
				04684E3C299CEA3500F52EE6 /* Buttons */,
				0467D6EF29A5009500D1A57C /* Views */,
				0467D6F029A5012800D1A57C /* Utilities */,
				0458056C2983F81200A7966D /* Assets.xcassets */,
				0458056E2983F81200A7966D /* Preview Content */,
			);
			path = "AR-App";
			sourceTree = "<group>";
		};
		0458056E2983F81200A7966D /* Preview Content */ = {
			isa = PBXGroup;
			children = (
				0458056F2983F81200A7966D /* Preview Assets.xcassets */,
			);
			path = "Preview Content";
			sourceTree = "<group>";
		};
		045805782983F81200A7966D /* AR-AppTests */ = {
			isa = PBXGroup;
			children = (
				045805792983F81200A7966D /* AR_AppTests.swift */,
			);
			path = "AR-AppTests";
			sourceTree = "<group>";
		};
		045805822983F81200A7966D /* AR-AppUITests */ = {
			isa = PBXGroup;
			children = (
				045805832983F81200A7966D /* AR_AppUITests.swift */,
				045805852983F81200A7966D /* AR_AppUITestsLaunchTests.swift */,
			);
			path = "AR-AppUITests";
			sourceTree = "<group>";
		};
		0467D6EF29A5009500D1A57C /* Views */ = {
			isa = PBXGroup;
			children = (
				048CA0F629AF703A00AAB944 /* Home View */,
				048CA0FA29AF783300AAB944 /* Menu.swift */,
				04E8748A29B20EA500E1CF4F /* MenuViewController.swift */,
				04149D2929B5F28600828DE8 /* SoloView.swift */,
			);
			path = Views;
			sourceTree = "<group>";
		};
		0467D6F029A5012800D1A57C /* Utilities */ = {
			isa = PBXGroup;
			children = (
				0485F01A299D6E46009AD5CD /* JsonManager.swift */,
				0462613729AE802900AD9935 /* FirebaseManager.swift */,
				04A2E66E29BA2F6400149549 /* Utilities.swift */,
				04A2E67029BA2FC100149549 /* DataManager.swift */,
			);
			path = Utilities;
			sourceTree = "<group>";
		};
		04684E3C299CEA3500F52EE6 /* Buttons */ = {
			isa = PBXGroup;
			children = (
				04684E3D299CEA5200F52EE6 /* ExpandingButton.swift */,
				04A2E66C29BA1F0B00149549 /* ARInterfaceButton.swift */,
			);
			path = Buttons;
			sourceTree = "<group>";
		};
		048CA0F629AF703A00AAB944 /* Home View */ = {
			isa = PBXGroup;
			children = (
				048CA0D829AF5C4600AAB944 /* HomeView.swift */,
				048CA0F829AF706700AAB944 /* StartButton.swift */,
			);
			path = "Home View";
			sourceTree = "<group>";
		};
/* End PBXGroup section */

/* Begin PBXNativeTarget section */
		045805622983F81100A7966D /* AR-App */ = {
			isa = PBXNativeTarget;
			buildConfigurationList = 045805892983F81200A7966D /* Build configuration list for PBXNativeTarget "AR-App" */;
			buildPhases = (
				0458055F2983F81100A7966D /* Sources */,
				045805602983F81100A7966D /* Frameworks */,
				045805612983F81100A7966D /* Resources */,
			);
			buildRules = (
			);
			dependencies = (
			);
			name = "AR-App";
			packageProductDependencies = (
				0462612329AE7D0800AD9935 /* FirebaseAnalytics */,
				0462612529AE7D0800AD9935 /* FirebaseAnalyticsSwift */,
				0462612729AE7D0800AD9935 /* FirebaseAnalyticsWithoutAdIdSupport */,
				0462612929AE7D0800AD9935 /* FirebaseAuth */,
				0462612B29AE7D0800AD9935 /* FirebaseDatabase */,
				0462612D29AE7D0800AD9935 /* FirebaseDatabaseSwift */,
				0462612F29AE7D0800AD9935 /* FirebaseFirestore */,
				0462613129AE7D0800AD9935 /* FirebaseFirestoreSwift */,
				0462613329AE7D0800AD9935 /* FirebaseFunctions */,
				0462613529AE7D0800AD9935 /* FirebaseStorage */,
			);
			productName = "AR-App";
			productReference = 045805632983F81100A7966D /* AR-App.app */;
			productType = "com.apple.product-type.application";
		};
		045805742983F81200A7966D /* AR-AppTests */ = {
			isa = PBXNativeTarget;
			buildConfigurationList = 0458058C2983F81200A7966D /* Build configuration list for PBXNativeTarget "AR-AppTests" */;
			buildPhases = (
				045805712983F81200A7966D /* Sources */,
				045805722983F81200A7966D /* Frameworks */,
				045805732983F81200A7966D /* Resources */,
			);
			buildRules = (
			);
			dependencies = (
				045805772983F81200A7966D /* PBXTargetDependency */,
			);
			name = "AR-AppTests";
			productName = "AR-AppTests";
			productReference = 045805752983F81200A7966D /* AR-AppTests.xctest */;
			productType = "com.apple.product-type.bundle.unit-test";
		};
		0458057E2983F81200A7966D /* AR-AppUITests */ = {
			isa = PBXNativeTarget;
			buildConfigurationList = 0458058F2983F81200A7966D /* Build configuration list for PBXNativeTarget "AR-AppUITests" */;
			buildPhases = (
				0458057B2983F81200A7966D /* Sources */,
				0458057C2983F81200A7966D /* Frameworks */,
				0458057D2983F81200A7966D /* Resources */,
			);
			buildRules = (
			);
			dependencies = (
				045805812983F81200A7966D /* PBXTargetDependency */,
			);
			name = "AR-AppUITests";
			productName = "AR-AppUITests";
			productReference = 0458057F2983F81200A7966D /* AR-AppUITests.xctest */;
			productType = "com.apple.product-type.bundle.ui-testing";
		};
/* End PBXNativeTarget section */

/* Begin PBXProject section */
		0458055B2983F81100A7966D /* Project object */ = {
			isa = PBXProject;
			attributes = {
				BuildIndependentTargetsInParallel = 1;
				LastSwiftUpdateCheck = 1420;
				LastUpgradeCheck = 1420;
				TargetAttributes = {
					045805622983F81100A7966D = {
						CreatedOnToolsVersion = 14.2;
					};
					045805742983F81200A7966D = {
						CreatedOnToolsVersion = 14.2;
						TestTargetID = 045805622983F81100A7966D;
					};
					0458057E2983F81200A7966D = {
						CreatedOnToolsVersion = 14.2;
						TestTargetID = 045805622983F81100A7966D;
					};
				};
			};
			buildConfigurationList = 0458055E2983F81100A7966D /* Build configuration list for PBXProject "AR-App" */;
			compatibilityVersion = "Xcode 14.0";
			developmentRegion = en;
			hasScannedForEncodings = 0;
			knownRegions = (
				en,
				Base,
			);
			mainGroup = 0458055A2983F81100A7966D;
			packageReferences = (
				0462612229AE7D0800AD9935 /* XCRemoteSwiftPackageReference "firebase-ios-sdk" */,
			);
			productRefGroup = 045805642983F81100A7966D /* Products */;
			projectDirPath = "";
			projectRoot = "";
			targets = (
				045805622983F81100A7966D /* AR-App */,
				045805742983F81200A7966D /* AR-AppTests */,
				0458057E2983F81200A7966D /* AR-AppUITests */,
			);
		};
/* End PBXProject section */

/* Begin PBXResourcesBuildPhase section */
		045805612983F81100A7966D /* Resources */ = {
			isa = PBXResourcesBuildPhase;
			buildActionMask = 2147483647;
			files = (
				045805702983F81200A7966D /* Preview Assets.xcassets in Resources */,
				0458056D2983F81200A7966D /* Assets.xcassets in Resources */,
				0462612129AE7B8C00AD9935 /* GoogleService-Info.plist in Resources */,
			);
			runOnlyForDeploymentPostprocessing = 0;
		};
		045805732983F81200A7966D /* Resources */ = {
			isa = PBXResourcesBuildPhase;
			buildActionMask = 2147483647;
			files = (
			);
			runOnlyForDeploymentPostprocessing = 0;
		};
		0458057D2983F81200A7966D /* Resources */ = {
			isa = PBXResourcesBuildPhase;
			buildActionMask = 2147483647;
			files = (
			);
			runOnlyForDeploymentPostprocessing = 0;
		};
/* End PBXResourcesBuildPhase section */

/* Begin PBXSourcesBuildPhase section */
		0458055F2983F81100A7966D /* Sources */ = {
			isa = PBXSourcesBuildPhase;
			buildActionMask = 2147483647;
			files = (
				045805692983F81100A7966D /* ContentView.swift in Sources */,
				04A2E66F29BA2F6400149549 /* Utilities.swift in Sources */,
				048CA0F929AF706700AAB944 /* StartButton.swift in Sources */,
				045805672983F81100A7966D /* AppDelegate.swift in Sources */,
				0485F01B299D6E46009AD5CD /* JsonManager.swift in Sources */,
				04E8748B29B20EA500E1CF4F /* MenuViewController.swift in Sources */,
				04149D2A29B5F28600828DE8 /* SoloView.swift in Sources */,
				048CA0FB29AF783300AAB944 /* Menu.swift in Sources */,
				0462613829AE802900AD9935 /* FirebaseManager.swift in Sources */,
				048CA0D929AF5C4600AAB944 /* HomeView.swift in Sources */,
				04684E3E299CEA5200F52EE6 /* ExpandingButton.swift in Sources */,
				04A2E67129BA2FC100149549 /* DataManager.swift in Sources */,
				04A2E66D29BA1F0B00149549 /* ARInterfaceButton.swift in Sources */,
			);
			runOnlyForDeploymentPostprocessing = 0;
		};
		045805712983F81200A7966D /* Sources */ = {
			isa = PBXSourcesBuildPhase;
			buildActionMask = 2147483647;
			files = (
				0458057A2983F81200A7966D /* AR_AppTests.swift in Sources */,
			);
			runOnlyForDeploymentPostprocessing = 0;
		};
		0458057B2983F81200A7966D /* Sources */ = {
			isa = PBXSourcesBuildPhase;
			buildActionMask = 2147483647;
			files = (
				045805842983F81200A7966D /* AR_AppUITests.swift in Sources */,
				045805862983F81200A7966D /* AR_AppUITestsLaunchTests.swift in Sources */,
			);
			runOnlyForDeploymentPostprocessing = 0;
		};
/* End PBXSourcesBuildPhase section */

/* Begin PBXTargetDependency section */
		045805772983F81200A7966D /* PBXTargetDependency */ = {
			isa = PBXTargetDependency;
			target = 045805622983F81100A7966D /* AR-App */;
			targetProxy = 045805762983F81200A7966D /* PBXContainerItemProxy */;
		};
		045805812983F81200A7966D /* PBXTargetDependency */ = {
			isa = PBXTargetDependency;
			target = 045805622983F81100A7966D /* AR-App */;
			targetProxy = 045805802983F81200A7966D /* PBXContainerItemProxy */;
		};
/* End PBXTargetDependency section */

/* Begin XCBuildConfiguration section */
		045805872983F81200A7966D /* Debug */ = {
			isa = XCBuildConfiguration;
			buildSettings = {
				ALWAYS_SEARCH_USER_PATHS = NO;
				CLANG_ANALYZER_NONNULL = YES;
				CLANG_ANALYZER_NUMBER_OBJECT_CONVERSION = YES_AGGRESSIVE;
				CLANG_CXX_LANGUAGE_STANDARD = "gnu++20";
				CLANG_ENABLE_MODULES = YES;
				CLANG_ENABLE_OBJC_ARC = YES;
				CLANG_ENABLE_OBJC_WEAK = YES;
				CLANG_WARN_BLOCK_CAPTURE_AUTORELEASING = YES;
				CLANG_WARN_BOOL_CONVERSION = YES;
				CLANG_WARN_COMMA = YES;
				CLANG_WARN_CONSTANT_CONVERSION = YES;
				CLANG_WARN_DEPRECATED_OBJC_IMPLEMENTATIONS = YES;
				CLANG_WARN_DIRECT_OBJC_ISA_USAGE = YES_ERROR;
				CLANG_WARN_DOCUMENTATION_COMMENTS = YES;
				CLANG_WARN_EMPTY_BODY = YES;
				CLANG_WARN_ENUM_CONVERSION = YES;
				CLANG_WARN_INFINITE_RECURSION = YES;
				CLANG_WARN_INT_CONVERSION = YES;
				CLANG_WARN_NON_LITERAL_NULL_CONVERSION = YES;
				CLANG_WARN_OBJC_IMPLICIT_RETAIN_SELF = YES;
				CLANG_WARN_OBJC_LITERAL_CONVERSION = YES;
				CLANG_WARN_OBJC_ROOT_CLASS = YES_ERROR;
				CLANG_WARN_QUOTED_INCLUDE_IN_FRAMEWORK_HEADER = YES;
				CLANG_WARN_RANGE_LOOP_ANALYSIS = YES;
				CLANG_WARN_STRICT_PROTOTYPES = YES;
				CLANG_WARN_SUSPICIOUS_MOVE = YES;
				CLANG_WARN_UNGUARDED_AVAILABILITY = YES_AGGRESSIVE;
				CLANG_WARN_UNREACHABLE_CODE = YES;
				CLANG_WARN__DUPLICATE_METHOD_MATCH = YES;
				COPY_PHASE_STRIP = NO;
				DEBUG_INFORMATION_FORMAT = dwarf;
				ENABLE_STRICT_OBJC_MSGSEND = YES;
				ENABLE_TESTABILITY = YES;
				GCC_C_LANGUAGE_STANDARD = gnu11;
				GCC_DYNAMIC_NO_PIC = NO;
				GCC_NO_COMMON_BLOCKS = YES;
				GCC_OPTIMIZATION_LEVEL = 0;
				GCC_PREPROCESSOR_DEFINITIONS = (
					"DEBUG=1",
					"$(inherited)",
				);
				GCC_WARN_64_TO_32_BIT_CONVERSION = YES;
				GCC_WARN_ABOUT_RETURN_TYPE = YES_ERROR;
				GCC_WARN_UNDECLARED_SELECTOR = YES;
				GCC_WARN_UNINITIALIZED_AUTOS = YES_AGGRESSIVE;
				GCC_WARN_UNUSED_FUNCTION = YES;
				GCC_WARN_UNUSED_VARIABLE = YES;
				IPHONEOS_DEPLOYMENT_TARGET = 16.2;
				MTL_ENABLE_DEBUG_INFO = INCLUDE_SOURCE;
				MTL_FAST_MATH = YES;
				ONLY_ACTIVE_ARCH = YES;
				SDKROOT = iphoneos;
				SWIFT_ACTIVE_COMPILATION_CONDITIONS = DEBUG;
				SWIFT_OPTIMIZATION_LEVEL = "-Onone";
			};
			name = Debug;
		};
		045805882983F81200A7966D /* Release */ = {
			isa = XCBuildConfiguration;
			buildSettings = {
				ALWAYS_SEARCH_USER_PATHS = NO;
				CLANG_ANALYZER_NONNULL = YES;
				CLANG_ANALYZER_NUMBER_OBJECT_CONVERSION = YES_AGGRESSIVE;
				CLANG_CXX_LANGUAGE_STANDARD = "gnu++20";
				CLANG_ENABLE_MODULES = YES;
				CLANG_ENABLE_OBJC_ARC = YES;
				CLANG_ENABLE_OBJC_WEAK = YES;
				CLANG_WARN_BLOCK_CAPTURE_AUTORELEASING = YES;
				CLANG_WARN_BOOL_CONVERSION = YES;
				CLANG_WARN_COMMA = YES;
				CLANG_WARN_CONSTANT_CONVERSION = YES;
				CLANG_WARN_DEPRECATED_OBJC_IMPLEMENTATIONS = YES;
				CLANG_WARN_DIRECT_OBJC_ISA_USAGE = YES_ERROR;
				CLANG_WARN_DOCUMENTATION_COMMENTS = YES;
				CLANG_WARN_EMPTY_BODY = YES;
				CLANG_WARN_ENUM_CONVERSION = YES;
				CLANG_WARN_INFINITE_RECURSION = YES;
				CLANG_WARN_INT_CONVERSION = YES;
				CLANG_WARN_NON_LITERAL_NULL_CONVERSION = YES;
				CLANG_WARN_OBJC_IMPLICIT_RETAIN_SELF = YES;
				CLANG_WARN_OBJC_LITERAL_CONVERSION = YES;
				CLANG_WARN_OBJC_ROOT_CLASS = YES_ERROR;
				CLANG_WARN_QUOTED_INCLUDE_IN_FRAMEWORK_HEADER = YES;
				CLANG_WARN_RANGE_LOOP_ANALYSIS = YES;
				CLANG_WARN_STRICT_PROTOTYPES = YES;
				CLANG_WARN_SUSPICIOUS_MOVE = YES;
				CLANG_WARN_UNGUARDED_AVAILABILITY = YES_AGGRESSIVE;
				CLANG_WARN_UNREACHABLE_CODE = YES;
				CLANG_WARN__DUPLICATE_METHOD_MATCH = YES;
				COPY_PHASE_STRIP = NO;
				DEBUG_INFORMATION_FORMAT = "dwarf-with-dsym";
				ENABLE_NS_ASSERTIONS = NO;
				ENABLE_STRICT_OBJC_MSGSEND = YES;
				GCC_C_LANGUAGE_STANDARD = gnu11;
				GCC_NO_COMMON_BLOCKS = YES;
				GCC_WARN_64_TO_32_BIT_CONVERSION = YES;
				GCC_WARN_ABOUT_RETURN_TYPE = YES_ERROR;
				GCC_WARN_UNDECLARED_SELECTOR = YES;
				GCC_WARN_UNINITIALIZED_AUTOS = YES_AGGRESSIVE;
				GCC_WARN_UNUSED_FUNCTION = YES;
				GCC_WARN_UNUSED_VARIABLE = YES;
				IPHONEOS_DEPLOYMENT_TARGET = 16.2;
				MTL_ENABLE_DEBUG_INFO = NO;
				MTL_FAST_MATH = YES;
				SDKROOT = iphoneos;
				SWIFT_COMPILATION_MODE = wholemodule;
				SWIFT_OPTIMIZATION_LEVEL = "-O";
				VALIDATE_PRODUCT = YES;
			};
			name = Release;
		};
		0458058A2983F81200A7966D /* Debug */ = {
			isa = XCBuildConfiguration;
			buildSettings = {
				ASSETCATALOG_COMPILER_APPICON_NAME = AppIcon;
				ASSETCATALOG_COMPILER_GLOBAL_ACCENT_COLOR_NAME = AccentColor;
				ASSETCATALOG_COMPILER_INCLUDE_ALL_APPICON_ASSETS = NO;
				CODE_SIGN_STYLE = Automatic;
				CURRENT_PROJECT_VERSION = 0.1.0;
				DEVELOPMENT_ASSET_PATHS = "\"AR-App/Preview Content\"";
				DEVELOPMENT_TEAM = W8X3TK49M8;
				ENABLE_PREVIEWS = YES;
				GENERATE_INFOPLIST_FILE = YES;
				INFOPLIST_KEY_NSCameraUsageDescription = "";
				INFOPLIST_KEY_UIApplicationSupportsIndirectInputEvents = YES;
				INFOPLIST_KEY_UILaunchScreen_Generation = YES;
				INFOPLIST_KEY_UILaunchStoryboardName = Main.storyboard;
				INFOPLIST_KEY_UIRequiredDeviceCapabilities = arkit;
				INFOPLIST_KEY_UIStatusBarHidden = YES;
				INFOPLIST_KEY_UIStatusBarStyle = "";
				INFOPLIST_KEY_UISupportedInterfaceOrientations_iPad = "UIInterfaceOrientationPortrait UIInterfaceOrientationPortraitUpsideDown UIInterfaceOrientationLandscapeLeft UIInterfaceOrientationLandscapeRight";
				INFOPLIST_KEY_UISupportedInterfaceOrientations_iPhone = "UIInterfaceOrientationPortrait UIInterfaceOrientationLandscapeLeft UIInterfaceOrientationLandscapeRight";
				IPHONEOS_DEPLOYMENT_TARGET = 16.1;
				LD_RUNPATH_SEARCH_PATHS = (
					"$(inherited)",
					"@executable_path/Frameworks",
				);
				MARKETING_VERSION = 0.01;
				PRODUCT_BUNDLE_IDENTIFIER = "imaginarium.AR-App";
				PRODUCT_NAME = "$(TARGET_NAME)";
				SWIFT_EMIT_LOC_STRINGS = YES;
				SWIFT_VERSION = 5.0;
				TARGETED_DEVICE_FAMILY = "1,2";
			};
			name = Debug;
		};
		0458058B2983F81200A7966D /* Release */ = {
			isa = XCBuildConfiguration;
			buildSettings = {
				ASSETCATALOG_COMPILER_APPICON_NAME = AppIcon;
				ASSETCATALOG_COMPILER_GLOBAL_ACCENT_COLOR_NAME = AccentColor;
				ASSETCATALOG_COMPILER_INCLUDE_ALL_APPICON_ASSETS = NO;
				CODE_SIGN_STYLE = Automatic;
				CURRENT_PROJECT_VERSION = 0.1.0;
				DEVELOPMENT_ASSET_PATHS = "\"AR-App/Preview Content\"";
				DEVELOPMENT_TEAM = W8X3TK49M8;
				ENABLE_PREVIEWS = YES;
				GENERATE_INFOPLIST_FILE = YES;
				INFOPLIST_KEY_NSCameraUsageDescription = "";
				INFOPLIST_KEY_UIApplicationSupportsIndirectInputEvents = YES;
				INFOPLIST_KEY_UILaunchScreen_Generation = YES;
				INFOPLIST_KEY_UILaunchStoryboardName = Main.storyboard;
				INFOPLIST_KEY_UIRequiredDeviceCapabilities = arkit;
				INFOPLIST_KEY_UIStatusBarHidden = YES;
				INFOPLIST_KEY_UIStatusBarStyle = "";
				INFOPLIST_KEY_UISupportedInterfaceOrientations_iPad = "UIInterfaceOrientationPortrait UIInterfaceOrientationPortraitUpsideDown UIInterfaceOrientationLandscapeLeft UIInterfaceOrientationLandscapeRight";
				INFOPLIST_KEY_UISupportedInterfaceOrientations_iPhone = "UIInterfaceOrientationPortrait UIInterfaceOrientationLandscapeLeft UIInterfaceOrientationLandscapeRight";
				IPHONEOS_DEPLOYMENT_TARGET = 16.1;
				LD_RUNPATH_SEARCH_PATHS = (
					"$(inherited)",
					"@executable_path/Frameworks",
				);
				MARKETING_VERSION = 0.01;
				PRODUCT_BUNDLE_IDENTIFIER = "imaginarium.AR-App";
				PRODUCT_NAME = "$(TARGET_NAME)";
				SWIFT_EMIT_LOC_STRINGS = YES;
				SWIFT_VERSION = 5.0;
				TARGETED_DEVICE_FAMILY = "1,2";
			};
			name = Release;
		};
		0458058D2983F81200A7966D /* Debug */ = {
			isa = XCBuildConfiguration;
			buildSettings = {
				ALWAYS_EMBED_SWIFT_STANDARD_LIBRARIES = YES;
				BUNDLE_LOADER = "$(TEST_HOST)";
				CODE_SIGN_STYLE = Automatic;
				CURRENT_PROJECT_VERSION = 1;
				DEVELOPMENT_TEAM = W8X3TK49M8;
				GENERATE_INFOPLIST_FILE = YES;
				IPHONEOS_DEPLOYMENT_TARGET = 16.2;
				MARKETING_VERSION = 1.0;
				PRODUCT_BUNDLE_IDENTIFIER = "imaginarium.AR-AppTests";
				PRODUCT_NAME = "$(TARGET_NAME)";
				SWIFT_EMIT_LOC_STRINGS = NO;
				SWIFT_VERSION = 5.0;
				TARGETED_DEVICE_FAMILY = "1,2";
				TEST_HOST = "$(BUILT_PRODUCTS_DIR)/AR-App.app/$(BUNDLE_EXECUTABLE_FOLDER_PATH)/AR-App";
			};
			name = Debug;
		};
		0458058E2983F81200A7966D /* Release */ = {
			isa = XCBuildConfiguration;
			buildSettings = {
				ALWAYS_EMBED_SWIFT_STANDARD_LIBRARIES = YES;
				BUNDLE_LOADER = "$(TEST_HOST)";
				CODE_SIGN_STYLE = Automatic;
				CURRENT_PROJECT_VERSION = 1;
				DEVELOPMENT_TEAM = W8X3TK49M8;
				GENERATE_INFOPLIST_FILE = YES;
				IPHONEOS_DEPLOYMENT_TARGET = 16.2;
				MARKETING_VERSION = 1.0;
				PRODUCT_BUNDLE_IDENTIFIER = "imaginarium.AR-AppTests";
				PRODUCT_NAME = "$(TARGET_NAME)";
				SWIFT_EMIT_LOC_STRINGS = NO;
				SWIFT_VERSION = 5.0;
				TARGETED_DEVICE_FAMILY = "1,2";
				TEST_HOST = "$(BUILT_PRODUCTS_DIR)/AR-App.app/$(BUNDLE_EXECUTABLE_FOLDER_PATH)/AR-App";
			};
			name = Release;
		};
		045805902983F81200A7966D /* Debug */ = {
			isa = XCBuildConfiguration;
			buildSettings = {
				ALWAYS_EMBED_SWIFT_STANDARD_LIBRARIES = YES;
				CODE_SIGN_STYLE = Automatic;
				CURRENT_PROJECT_VERSION = 1;
				DEVELOPMENT_TEAM = W8X3TK49M8;
				GENERATE_INFOPLIST_FILE = YES;
				MARKETING_VERSION = 1.0;
				PRODUCT_BUNDLE_IDENTIFIER = "imaginarium.AR-AppUITests";
				PRODUCT_NAME = "$(TARGET_NAME)";
				SWIFT_EMIT_LOC_STRINGS = NO;
				SWIFT_VERSION = 5.0;
				TARGETED_DEVICE_FAMILY = "1,2";
				TEST_TARGET_NAME = "AR-App";
			};
			name = Debug;
		};
		045805912983F81200A7966D /* Release */ = {
			isa = XCBuildConfiguration;
			buildSettings = {
				ALWAYS_EMBED_SWIFT_STANDARD_LIBRARIES = YES;
				CODE_SIGN_STYLE = Automatic;
				CURRENT_PROJECT_VERSION = 1;
				DEVELOPMENT_TEAM = W8X3TK49M8;
				GENERATE_INFOPLIST_FILE = YES;
				MARKETING_VERSION = 1.0;
				PRODUCT_BUNDLE_IDENTIFIER = "imaginarium.AR-AppUITests";
				PRODUCT_NAME = "$(TARGET_NAME)";
				SWIFT_EMIT_LOC_STRINGS = NO;
				SWIFT_VERSION = 5.0;
				TARGETED_DEVICE_FAMILY = "1,2";
				TEST_TARGET_NAME = "AR-App";
			};
			name = Release;
		};
/* End XCBuildConfiguration section */

/* Begin XCConfigurationList section */
		0458055E2983F81100A7966D /* Build configuration list for PBXProject "AR-App" */ = {
			isa = XCConfigurationList;
			buildConfigurations = (
				045805872983F81200A7966D /* Debug */,
				045805882983F81200A7966D /* Release */,
			);
			defaultConfigurationIsVisible = 0;
			defaultConfigurationName = Release;
		};
		045805892983F81200A7966D /* Build configuration list for PBXNativeTarget "AR-App" */ = {
			isa = XCConfigurationList;
			buildConfigurations = (
				0458058A2983F81200A7966D /* Debug */,
				0458058B2983F81200A7966D /* Release */,
			);
			defaultConfigurationIsVisible = 0;
			defaultConfigurationName = Release;
		};
		0458058C2983F81200A7966D /* Build configuration list for PBXNativeTarget "AR-AppTests" */ = {
			isa = XCConfigurationList;
			buildConfigurations = (
				0458058D2983F81200A7966D /* Debug */,
				0458058E2983F81200A7966D /* Release */,
			);
			defaultConfigurationIsVisible = 0;
			defaultConfigurationName = Release;
		};
		0458058F2983F81200A7966D /* Build configuration list for PBXNativeTarget "AR-AppUITests" */ = {
			isa = XCConfigurationList;
			buildConfigurations = (
				045805902983F81200A7966D /* Debug */,
				045805912983F81200A7966D /* Release */,
			);
			defaultConfigurationIsVisible = 0;
			defaultConfigurationName = Release;
		};
/* End XCConfigurationList section */

/* Begin XCRemoteSwiftPackageReference section */
		0462612229AE7D0800AD9935 /* XCRemoteSwiftPackageReference "firebase-ios-sdk" */ = {
			isa = XCRemoteSwiftPackageReference;
			repositoryURL = "https://github.com/firebase/firebase-ios-sdk.git";
			requirement = {
				kind = upToNextMajorVersion;
				minimumVersion = 9.0.0;
			};
		};
/* End XCRemoteSwiftPackageReference section */

/* Begin XCSwiftPackageProductDependency section */
		0462612329AE7D0800AD9935 /* FirebaseAnalytics */ = {
			isa = XCSwiftPackageProductDependency;
			package = 0462612229AE7D0800AD9935 /* XCRemoteSwiftPackageReference "firebase-ios-sdk" */;
			productName = FirebaseAnalytics;
		};
		0462612529AE7D0800AD9935 /* FirebaseAnalyticsSwift */ = {
			isa = XCSwiftPackageProductDependency;
			package = 0462612229AE7D0800AD9935 /* XCRemoteSwiftPackageReference "firebase-ios-sdk" */;
			productName = FirebaseAnalyticsSwift;
		};
		0462612729AE7D0800AD9935 /* FirebaseAnalyticsWithoutAdIdSupport */ = {
			isa = XCSwiftPackageProductDependency;
			package = 0462612229AE7D0800AD9935 /* XCRemoteSwiftPackageReference "firebase-ios-sdk" */;
			productName = FirebaseAnalyticsWithoutAdIdSupport;
		};
		0462612929AE7D0800AD9935 /* FirebaseAuth */ = {
			isa = XCSwiftPackageProductDependency;
			package = 0462612229AE7D0800AD9935 /* XCRemoteSwiftPackageReference "firebase-ios-sdk" */;
			productName = FirebaseAuth;
		};
		0462612B29AE7D0800AD9935 /* FirebaseDatabase */ = {
			isa = XCSwiftPackageProductDependency;
			package = 0462612229AE7D0800AD9935 /* XCRemoteSwiftPackageReference "firebase-ios-sdk" */;
			productName = FirebaseDatabase;
		};
		0462612D29AE7D0800AD9935 /* FirebaseDatabaseSwift */ = {
			isa = XCSwiftPackageProductDependency;
			package = 0462612229AE7D0800AD9935 /* XCRemoteSwiftPackageReference "firebase-ios-sdk" */;
			productName = FirebaseDatabaseSwift;
		};
		0462612F29AE7D0800AD9935 /* FirebaseFirestore */ = {
			isa = XCSwiftPackageProductDependency;
			package = 0462612229AE7D0800AD9935 /* XCRemoteSwiftPackageReference "firebase-ios-sdk" */;
			productName = FirebaseFirestore;
		};
		0462613129AE7D0800AD9935 /* FirebaseFirestoreSwift */ = {
			isa = XCSwiftPackageProductDependency;
			package = 0462612229AE7D0800AD9935 /* XCRemoteSwiftPackageReference "firebase-ios-sdk" */;
			productName = FirebaseFirestoreSwift;
		};
		0462613329AE7D0800AD9935 /* FirebaseFunctions */ = {
			isa = XCSwiftPackageProductDependency;
			package = 0462612229AE7D0800AD9935 /* XCRemoteSwiftPackageReference "firebase-ios-sdk" */;
			productName = FirebaseFunctions;
		};
		0462613529AE7D0800AD9935 /* FirebaseStorage */ = {
			isa = XCSwiftPackageProductDependency;
			package = 0462612229AE7D0800AD9935 /* XCRemoteSwiftPackageReference "firebase-ios-sdk" */;
			productName = FirebaseStorage;
		};
/* End XCSwiftPackageProductDependency section */
	};
	rootObject = 0458055B2983F81100A7966D /* Project object */;
}
